
Microsoft Visual Studio Solution File, Format Version 12.00
# Visual Studio Version 16
VisualStudioVersion = 16.0.30406.217
MinimumVisualStudioVersion = 10.0.40219.1
Project("{F184B08F-C81C-45F6-A57F-5ABD9991F28F}") = "OnlineBookStore", "OnlineBookStore.vbproj", "{88E9B5B4-8464-4CE4-883B-66773FD68287}"
EndProject
Global
	GlobalSection(SolutionConfigurationPlatforms) = preSolution
		Debug|Any CPU = Debug|Any CPU
		Release|Any CPU = Release|Any CPU
	EndGlobalSection
	GlobalSection(ProjectConfigurationPlatforms) = postSolution
		{88E9B5B4-8464-4CE4-883B-66773FD68287}.Debug|Any CPU.ActiveCfg = Debug|Any CPU
		{88E9B5B4-8464-4CE4-883B-66773FD68287}.Debug|Any CPU.Build.0 = Debug|Any CPU
		{88E9B5B4-8464-4CE4-883B-66773FD68287}.Release|Any CPU.ActiveCfg = Release|Any CPU
		{88E9B5B4-8464-4CE4-883B-66773FD68287}.Release|Any CPU.Build.0 = Release|Any CPU
	EndGlobalSection
	GlobalSection(SolutionProperties) = preSolution
		HideSolutionNode = FALSE
	EndGlobalSection
	GlobalSection(ExtensibilityGlobals) = postSolution
		SolutionGuid = {0CD17000-DC94-4E8E-80E0-B467CB687294}
	EndGlobalSection
EndGlobal
